
Microsoft Visual Studio Solution File, Format Version 12.00
# Visual Studio Version 16
VisualStudioVersion = 16.0.30114.105
MinimumVisualStudioVersion = 10.0.40219.1
Project("{FAE04EC0-301F-11D3-BF4B-00C04F79EFBC}") = "hw10", "hw10.csproj", "{1429B628-ECB3-4841-A2C8-FBF60E279AD2}"
EndProject
Project("{FAE04EC0-301F-11D3-BF4B-00C04F79EFBC}") = "task1", "..\task1\task1.csproj", "{6FF42036-0708-4249-A1EE-378BBC9BE079}"
EndProject
Project("{FAE04EC0-301F-11D3-BF4B-00C04F79EFBC}") = "task2", "..\task2\task2.csproj", "{A4DB95BC-CDB0-476C-BC5C-95804972570C}"
EndProject
Project("{FAE04EC0-301F-11D3-BF4B-00C04F79EFBC}") = "task3", "..\task3\task3.csproj", "{6990D67A-F67E-4765-9266-47401E893752}"
EndProject
Global
	GlobalSection(SolutionConfigurationPlatforms) = preSolution
		Debug|Any CPU = Debug|Any CPU
		Release|Any CPU = Release|Any CPU
	EndGlobalSection
	GlobalSection(SolutionProperties) = preSolution
		HideSolutionNode = FALSE
	EndGlobalSection
	GlobalSection(ProjectConfigurationPlatforms) = postSolution
		{1429B628-ECB3-4841-A2C8-FBF60E279AD2}.Debug|Any CPU.ActiveCfg = Debug|Any CPU
		{1429B628-ECB3-4841-A2C8-FBF60E279AD2}.Debug|Any CPU.Build.0 = Debug|Any CPU
		{1429B628-ECB3-4841-A2C8-FBF60E279AD2}.Release|Any CPU.ActiveCfg = Release|Any CPU
		{1429B628-ECB3-4841-A2C8-FBF60E279AD2}.Release|Any CPU.Build.0 = Release|Any CPU
		{6FF42036-0708-4249-A1EE-378BBC9BE079}.Debug|Any CPU.ActiveCfg = Debug|Any CPU
		{6FF42036-0708-4249-A1EE-378BBC9BE079}.Debug|Any CPU.Build.0 = Debug|Any CPU
		{6FF42036-0708-4249-A1EE-378BBC9BE079}.Release|Any CPU.ActiveCfg = Release|Any CPU
		{6FF42036-0708-4249-A1EE-378BBC9BE079}.Release|Any CPU.Build.0 = Release|Any CPU
		{A4DB95BC-CDB0-476C-BC5C-95804972570C}.Debug|Any CPU.ActiveCfg = Debug|Any CPU
		{A4DB95BC-CDB0-476C-BC5C-95804972570C}.Debug|Any CPU.Build.0 = Debug|Any CPU
		{A4DB95BC-CDB0-476C-BC5C-95804972570C}.Release|Any CPU.ActiveCfg = Release|Any CPU
		{A4DB95BC-CDB0-476C-BC5C-95804972570C}.Release|Any CPU.Build.0 = Release|Any CPU
		{6990D67A-F67E-4765-9266-47401E893752}.Debug|Any CPU.ActiveCfg = Debug|Any CPU
		{6990D67A-F67E-4765-9266-47401E893752}.Debug|Any CPU.Build.0 = Debug|Any CPU
		{6990D67A-F67E-4765-9266-47401E893752}.Release|Any CPU.ActiveCfg = Release|Any CPU
		{6990D67A-F67E-4765-9266-47401E893752}.Release|Any CPU.Build.0 = Release|Any CPU
	EndGlobalSection
EndGlobal
